
Microsoft Visual Studio Solution File, Format Version 11.00
# Visual Studio 2010
Project("{FAE04EC0-301F-11D3-BF4B-00C04F79EFBC}") = "UnityEngine.TestRunner", "UnityEngine.TestRunner.csproj", "{615a6c8d-9b91-ba22-d3ec-2e4148d4cac2}"
EndProject
Project("{FAE04EC0-301F-11D3-BF4B-00C04F79EFBC}") = "UnityEngine.UI", "UnityEngine.UI.csproj", "{5e384676-4ab8-0b73-7291-ed62bf256847}"
EndProject
Project("{FAE04EC0-301F-11D3-BF4B-00C04F79EFBC}") = "Unity.TextMeshPro", "Unity.TextMeshPro.csproj", "{045348d2-1b9c-e5a7-4631-c82b22e2c473}"
EndProject
Project("{FAE04EC0-301F-11D3-BF4B-00C04F79EFBC}") = "Unity.Timeline", "Unity.Timeline.csproj", "{82089134-9caf-a093-8559-c9c070b3959a}"
EndProject
Project("{FAE04EC0-301F-11D3-BF4B-00C04F79EFBC}") = "Assembly-CSharp", "Assembly-CSharp.csproj", "{ae258092-8963-69d9-f31e-05db3b063238}"
EndProject
Project("{FAE04EC0-301F-11D3-BF4B-00C04F79EFBC}") = "UnityEditor.TestRunner", "UnityEditor.TestRunner.csproj", "{5d86f619-ec59-ea09-a2ee-120fff8a2069}"
EndProject
Project("{FAE04EC0-301F-11D3-BF4B-00C04F79EFBC}") = "Unity.TextMeshPro.Editor", "Unity.TextMeshPro.Editor.csproj", "{cb3d009a-e83c-ea3a-7e62-9ba314a3d461}"
EndProject
Project("{FAE04EC0-301F-11D3-BF4B-00C04F79EFBC}") = "Unity.Timeline.Editor", "Unity.Timeline.Editor.csproj", "{eb26c870-6238-04d1-c3c2-23cb093ea193}"
EndProject
Project("{FAE04EC0-301F-11D3-BF4B-00C04F79EFBC}") = "UnityEditor.UI", "UnityEditor.UI.csproj", "{25667df8-2ee4-4ddd-22d4-82e5dd8e221a}"
EndProject
Project("{FAE04EC0-301F-11D3-BF4B-00C04F79EFBC}") = "Unity.Rider.Editor", "Unity.Rider.Editor.csproj", "{836cec19-98c9-35c5-1138-5b2c4bc50681}"
EndProject
Project("{FAE04EC0-301F-11D3-BF4B-00C04F79EFBC}") = "Unity.CollabProxy.Editor", "Unity.CollabProxy.Editor.csproj", "{b0ce239c-7d14-99f5-a6d4-feb2bdc0e205}"
EndProject
Project("{FAE04EC0-301F-11D3-BF4B-00C04F79EFBC}") = "Unity.VSCode.Editor", "Unity.VSCode.Editor.csproj", "{201ffff1-6ad8-db50-7ec4-b3096dff5d2e}"
EndProject
Global
	GlobalSection(SolutionConfigurationPlatforms) = preSolution
		Debug|Any CPU = Debug|Any CPU
	EndGlobalSection
	GlobalSection(ProjectConfigurationPlatforms) = postSolution
		{615a6c8d-9b91-ba22-d3ec-2e4148d4cac2}.Debug|Any CPU.ActiveCfg = Debug|Any CPU
		{615a6c8d-9b91-ba22-d3ec-2e4148d4cac2}.Debug|Any CPU.Build.0 = Debug|Any CPU
		{5e384676-4ab8-0b73-7291-ed62bf256847}.Debug|Any CPU.ActiveCfg = Debug|Any CPU
		{5e384676-4ab8-0b73-7291-ed62bf256847}.Debug|Any CPU.Build.0 = Debug|Any CPU
		{045348d2-1b9c-e5a7-4631-c82b22e2c473}.Debug|Any CPU.ActiveCfg = Debug|Any CPU
		{045348d2-1b9c-e5a7-4631-c82b22e2c473}.Debug|Any CPU.Build.0 = Debug|Any CPU
		{82089134-9caf-a093-8559-c9c070b3959a}.Debug|Any CPU.ActiveCfg = Debug|Any CPU
		{82089134-9caf-a093-8559-c9c070b3959a}.Debug|Any CPU.Build.0 = Debug|Any CPU
		{ae258092-8963-69d9-f31e-05db3b063238}.Debug|Any CPU.ActiveCfg = Debug|Any CPU
		{ae258092-8963-69d9-f31e-05db3b063238}.Debug|Any CPU.Build.0 = Debug|Any CPU
		{5d86f619-ec59-ea09-a2ee-120fff8a2069}.Debug|Any CPU.ActiveCfg = Debug|Any CPU
		{5d86f619-ec59-ea09-a2ee-120fff8a2069}.Debug|Any CPU.Build.0 = Debug|Any CPU
		{cb3d009a-e83c-ea3a-7e62-9ba314a3d461}.Debug|Any CPU.ActiveCfg = Debug|Any CPU
		{cb3d009a-e83c-ea3a-7e62-9ba314a3d461}.Debug|Any CPU.Build.0 = Debug|Any CPU
		{eb26c870-6238-04d1-c3c2-23cb093ea193}.Debug|Any CPU.ActiveCfg = Debug|Any CPU
		{eb26c870-6238-04d1-c3c2-23cb093ea193}.Debug|Any CPU.Build.0 = Debug|Any CPU
		{25667df8-2ee4-4ddd-22d4-82e5dd8e221a}.Debug|Any CPU.ActiveCfg = Debug|Any CPU
		{25667df8-2ee4-4ddd-22d4-82e5dd8e221a}.Debug|Any CPU.Build.0 = Debug|Any CPU
		{836cec19-98c9-35c5-1138-5b2c4bc50681}.Debug|Any CPU.ActiveCfg = Debug|Any CPU
		{836cec19-98c9-35c5-1138-5b2c4bc50681}.Debug|Any CPU.Build.0 = Debug|Any CPU
		{b0ce239c-7d14-99f5-a6d4-feb2bdc0e205}.Debug|Any CPU.ActiveCfg = Debug|Any CPU
		{b0ce239c-7d14-99f5-a6d4-feb2bdc0e205}.Debug|Any CPU.Build.0 = Debug|Any CPU
		{201ffff1-6ad8-db50-7ec4-b3096dff5d2e}.Debug|Any CPU.ActiveCfg = Debug|Any CPU
		{201ffff1-6ad8-db50-7ec4-b3096dff5d2e}.Debug|Any CPU.Build.0 = Debug|Any CPU
	EndGlobalSection
	GlobalSection(SolutionProperties) = preSolution
		HideSolutionNode = FALSE
	EndGlobalSection
EndGlobal
