
Microsoft Visual Studio Solution File, Format Version 11.00
# Visual Studio 2010
Project("{FAE04EC0-301F-11D3-BF4B-00C04F79EFBC}") = "UnityEngine.TestRunner", "UnityEngine.TestRunner.csproj", "{872FFC70-53A4-755E-C062-9754C5796287}"
EndProject
Project("{FAE04EC0-301F-11D3-BF4B-00C04F79EFBC}") = "Unity.2D.Animation.Triangle.Runtime", "Unity.2D.Animation.Triangle.Runtime.csproj", "{A4536004-243C-8251-8AB7-E712596B1AA5}"
EndProject
Project("{FAE04EC0-301F-11D3-BF4B-00C04F79EFBC}") = "UnityEngine.UI", "UnityEngine.UI.csproj", "{40E74A5F-339B-820F-6D4B-CE6EF48F88C2}"
EndProject
Project("{FAE04EC0-301F-11D3-BF4B-00C04F79EFBC}") = "Unity.TextMeshPro", "Unity.TextMeshPro.csproj", "{E7FDD2E4-3581-A9C8-4459-79DB90DD2299}"
EndProject
Project("{FAE04EC0-301F-11D3-BF4B-00C04F79EFBC}") = "Unity.2D.Animation.Runtime", "Unity.2D.Animation.Runtime.csproj", "{5FE4C2F8-328E-813A-DCB6-9AE6395C132B}"
EndProject
Project("{FAE04EC0-301F-11D3-BF4B-00C04F79EFBC}") = "Unity.Timeline", "Unity.Timeline.csproj", "{08BE0D72-8D1B-908D-7AB6-D54C2D7C9CAC}"
EndProject
Project("{FAE04EC0-301F-11D3-BF4B-00C04F79EFBC}") = "Unity.Mathematics", "Unity.Mathematics.csproj", "{B28CE952-A82A-EFB4-264C-098395196767}"
EndProject
Project("{FAE04EC0-301F-11D3-BF4B-00C04F79EFBC}") = "Unity.2D.SpriteShape.Runtime", "Unity.2D.SpriteShape.Runtime.csproj", "{E8BA7340-A365-D961-ECBB-1FC161F446DB}"
EndProject
Project("{FAE04EC0-301F-11D3-BF4B-00C04F79EFBC}") = "Assembly-CSharp", "Assembly-CSharp.csproj", "{3A97CBB4-5BC4-B580-1558-41BAB73E81C5}"
EndProject
Project("{FAE04EC0-301F-11D3-BF4B-00C04F79EFBC}") = "Unity.2D.PixelPerfect", "Unity.2D.PixelPerfect.csproj", "{17C62D21-AC59-EA6E-3747-7E348AA2375F}"
EndProject
Project("{FAE04EC0-301F-11D3-BF4B-00C04F79EFBC}") = "Unity.InternalAPIEngineBridge.001", "Unity.InternalAPIEngineBridge.001.csproj", "{FDB54A97-DA57-33CE-220C-49703E36F2A8}"
EndProject
Project("{FAE04EC0-301F-11D3-BF4B-00C04F79EFBC}") = "Unity.2D.Common.Runtime", "Unity.2D.Common.Runtime.csproj", "{1EBCBE89-0947-7974-3184-3BF9FE97CCDE}"
EndProject
Project("{FAE04EC0-301F-11D3-BF4B-00C04F79EFBC}") = "UnityEditor.TestRunner", "UnityEditor.TestRunner.csproj", "{FD201883-0966-1A36-FB78-B63AE2F3C487}"
EndProject
Project("{FAE04EC0-301F-11D3-BF4B-00C04F79EFBC}") = "Unity.TextMeshPro.Editor", "Unity.TextMeshPro.Editor.csproj", "{5AE1DFB2-731A-4408-63B5-526D2AC012B1}"
EndProject
Project("{FAE04EC0-301F-11D3-BF4B-00C04F79EFBC}") = "Unity.Timeline.Editor", "Unity.Timeline.Editor.csproj", "{80C43E66-A47B-32F8-4D56-39B25BD52539}"
EndProject
Project("{FAE04EC0-301F-11D3-BF4B-00C04F79EFBC}") = "Unity.2D.Animation.Editor", "Unity.2D.Animation.Editor.csproj", "{1ADFC4F0-3AA5-04D5-F23B-8D7E5EC561A6}"
EndProject
Project("{FAE04EC0-301F-11D3-BF4B-00C04F79EFBC}") = "Unity.2D.Path.Editor", "Unity.2D.Path.Editor.csproj", "{394538AE-53F5-FFA5-73D1-53C5218A222F}"
EndProject
Project("{FAE04EC0-301F-11D3-BF4B-00C04F79EFBC}") = "Unity.2D.Sprite.Editor", "Unity.2D.Sprite.Editor.csproj", "{410BAA23-7E86-344A-1FE1-BCF3F386C4E6}"
EndProject
Project("{FAE04EC0-301F-11D3-BF4B-00C04F79EFBC}") = "UnityEditor.UI", "UnityEditor.UI.csproj", "{755EA4BD-DD40-2252-9312-95F2F001B63C}"
EndProject
Project("{FAE04EC0-301F-11D3-BF4B-00C04F79EFBC}") = "Unity.Rider.Editor", "Unity.Rider.Editor.csproj", "{621322AE-B4F7-1896-E46D-9469AF895460}"
EndProject
Project("{FAE04EC0-301F-11D3-BF4B-00C04F79EFBC}") = "Unity.2D.Tilemap.Editor", "Unity.2D.Tilemap.Editor.csproj", "{BC6589BC-C350-E7F3-DE19-58B2BCC57876}"
EndProject
Project("{FAE04EC0-301F-11D3-BF4B-00C04F79EFBC}") = "Unity.2D.SpriteShape.Editor", "Unity.2D.SpriteShape.Editor.csproj", "{3A1BB7CC-3829-2D5B-2782-61311F47FE49}"
EndProject
Project("{FAE04EC0-301F-11D3-BF4B-00C04F79EFBC}") = "PsdPlugin", "PsdPlugin.csproj", "{DF89585C-3889-04DE-4085-084CBCB17656}"
EndProject
Project("{FAE04EC0-301F-11D3-BF4B-00C04F79EFBC}") = "Unity.CollabProxy.Editor", "Unity.CollabProxy.Editor.csproj", "{1D5FB54B-7052-6999-1D6D-F43CB63ADFB1}"
EndProject
Project("{FAE04EC0-301F-11D3-BF4B-00C04F79EFBC}") = "Unity.2D.Common.Editor", "Unity.2D.Common.Editor.csproj", "{72A4CCA9-8173-7BB3-7548-8ABB51D757EC}"
EndProject
Project("{FAE04EC0-301F-11D3-BF4B-00C04F79EFBC}") = "Unity.VSCode.Editor", "Unity.VSCode.Editor.csproj", "{1E9ECE81-85F3-BE51-D9ED-C745092D8B38}"
EndProject
Project("{FAE04EC0-301F-11D3-BF4B-00C04F79EFBC}") = "Unity.2D.Psdimporter.Editor", "Unity.2D.Psdimporter.Editor.csproj", "{25A115E1-6311-CAF9-56BE-A4C3F5A753D2}"
EndProject
Project("{FAE04EC0-301F-11D3-BF4B-00C04F79EFBC}") = "Unity.2D.PixelPerfect.Editor", "Unity.2D.PixelPerfect.Editor.csproj", "{FEE615FC-A6CD-2EDC-E4DB-A29F1B16738D}"
EndProject
Project("{FAE04EC0-301F-11D3-BF4B-00C04F79EFBC}") = "Unity.Mathematics.Editor", "Unity.Mathematics.Editor.csproj", "{6111DAB0-5562-F81D-762B-C21417F61B1E}"
EndProject
Project("{FAE04EC0-301F-11D3-BF4B-00C04F79EFBC}") = "Unity.InternalAPIEditorBridge.001", "Unity.InternalAPIEditorBridge.001.csproj", "{4C1D3341-467D-6D87-4208-CE911DB9840E}"
EndProject
Global
	GlobalSection(SolutionConfigurationPlatforms) = preSolution
		Debug|Any CPU = Debug|Any CPU
		Release|Any CPU = Release|Any CPU
	EndGlobalSection
	GlobalSection(ProjectConfigurationPlatforms) = postSolution
		{872FFC70-53A4-755E-C062-9754C5796287}.Debug|Any CPU.ActiveCfg = Debug|Any CPU
		{872FFC70-53A4-755E-C062-9754C5796287}.Debug|Any CPU.Build.0 = Debug|Any CPU
		{872FFC70-53A4-755E-C062-9754C5796287}.Release|Any CPU.ActiveCfg = Release|Any CPU
		{872FFC70-53A4-755E-C062-9754C5796287}.Release|Any CPU.Build.0 = Release|Any CPU
		{A4536004-243C-8251-8AB7-E712596B1AA5}.Debug|Any CPU.ActiveCfg = Debug|Any CPU
		{A4536004-243C-8251-8AB7-E712596B1AA5}.Debug|Any CPU.Build.0 = Debug|Any CPU
		{A4536004-243C-8251-8AB7-E712596B1AA5}.Release|Any CPU.ActiveCfg = Release|Any CPU
		{A4536004-243C-8251-8AB7-E712596B1AA5}.Release|Any CPU.Build.0 = Release|Any CPU
		{40E74A5F-339B-820F-6D4B-CE6EF48F88C2}.Debug|Any CPU.ActiveCfg = Debug|Any CPU
		{40E74A5F-339B-820F-6D4B-CE6EF48F88C2}.Debug|Any CPU.Build.0 = Debug|Any CPU
		{40E74A5F-339B-820F-6D4B-CE6EF48F88C2}.Release|Any CPU.ActiveCfg = Release|Any CPU
		{40E74A5F-339B-820F-6D4B-CE6EF48F88C2}.Release|Any CPU.Build.0 = Release|Any CPU
		{E7FDD2E4-3581-A9C8-4459-79DB90DD2299}.Debug|Any CPU.ActiveCfg = Debug|Any CPU
		{E7FDD2E4-3581-A9C8-4459-79DB90DD2299}.Debug|Any CPU.Build.0 = Debug|Any CPU
		{E7FDD2E4-3581-A9C8-4459-79DB90DD2299}.Release|Any CPU.ActiveCfg = Release|Any CPU
		{E7FDD2E4-3581-A9C8-4459-79DB90DD2299}.Release|Any CPU.Build.0 = Release|Any CPU
		{5FE4C2F8-328E-813A-DCB6-9AE6395C132B}.Debug|Any CPU.ActiveCfg = Debug|Any CPU
		{5FE4C2F8-328E-813A-DCB6-9AE6395C132B}.Debug|Any CPU.Build.0 = Debug|Any CPU
		{5FE4C2F8-328E-813A-DCB6-9AE6395C132B}.Release|Any CPU.ActiveCfg = Release|Any CPU
		{5FE4C2F8-328E-813A-DCB6-9AE6395C132B}.Release|Any CPU.Build.0 = Release|Any CPU
		{08BE0D72-8D1B-908D-7AB6-D54C2D7C9CAC}.Debug|Any CPU.ActiveCfg = Debug|Any CPU
		{08BE0D72-8D1B-908D-7AB6-D54C2D7C9CAC}.Debug|Any CPU.Build.0 = Debug|Any CPU
		{08BE0D72-8D1B-908D-7AB6-D54C2D7C9CAC}.Release|Any CPU.ActiveCfg = Release|Any CPU
		{08BE0D72-8D1B-908D-7AB6-D54C2D7C9CAC}.Release|Any CPU.Build.0 = Release|Any CPU
		{B28CE952-A82A-EFB4-264C-098395196767}.Debug|Any CPU.ActiveCfg = Debug|Any CPU
		{B28CE952-A82A-EFB4-264C-098395196767}.Debug|Any CPU.Build.0 = Debug|Any CPU
		{B28CE952-A82A-EFB4-264C-098395196767}.Release|Any CPU.ActiveCfg = Release|Any CPU
		{B28CE952-A82A-EFB4-264C-098395196767}.Release|Any CPU.Build.0 = Release|Any CPU
		{E8BA7340-A365-D961-ECBB-1FC161F446DB}.Debug|Any CPU.ActiveCfg = Debug|Any CPU
		{E8BA7340-A365-D961-ECBB-1FC161F446DB}.Debug|Any CPU.Build.0 = Debug|Any CPU
		{E8BA7340-A365-D961-ECBB-1FC161F446DB}.Release|Any CPU.ActiveCfg = Release|Any CPU
		{E8BA7340-A365-D961-ECBB-1FC161F446DB}.Release|Any CPU.Build.0 = Release|Any CPU
		{3A97CBB4-5BC4-B580-1558-41BAB73E81C5}.Debug|Any CPU.ActiveCfg = Debug|Any CPU
		{3A97CBB4-5BC4-B580-1558-41BAB73E81C5}.Debug|Any CPU.Build.0 = Debug|Any CPU
		{3A97CBB4-5BC4-B580-1558-41BAB73E81C5}.Release|Any CPU.ActiveCfg = Release|Any CPU
		{3A97CBB4-5BC4-B580-1558-41BAB73E81C5}.Release|Any CPU.Build.0 = Release|Any CPU
		{17C62D21-AC59-EA6E-3747-7E348AA2375F}.Debug|Any CPU.ActiveCfg = Debug|Any CPU
		{17C62D21-AC59-EA6E-3747-7E348AA2375F}.Debug|Any CPU.Build.0 = Debug|Any CPU
		{17C62D21-AC59-EA6E-3747-7E348AA2375F}.Release|Any CPU.ActiveCfg = Release|Any CPU
		{17C62D21-AC59-EA6E-3747-7E348AA2375F}.Release|Any CPU.Build.0 = Release|Any CPU
		{FDB54A97-DA57-33CE-220C-49703E36F2A8}.Debug|Any CPU.ActiveCfg = Debug|Any CPU
		{FDB54A97-DA57-33CE-220C-49703E36F2A8}.Debug|Any CPU.Build.0 = Debug|Any CPU
		{FDB54A97-DA57-33CE-220C-49703E36F2A8}.Release|Any CPU.ActiveCfg = Release|Any CPU
		{FDB54A97-DA57-33CE-220C-49703E36F2A8}.Release|Any CPU.Build.0 = Release|Any CPU
		{1EBCBE89-0947-7974-3184-3BF9FE97CCDE}.Debug|Any CPU.ActiveCfg = Debug|Any CPU
		{1EBCBE89-0947-7974-3184-3BF9FE97CCDE}.Debug|Any CPU.Build.0 = Debug|Any CPU
		{1EBCBE89-0947-7974-3184-3BF9FE97CCDE}.Release|Any CPU.ActiveCfg = Release|Any CPU
		{1EBCBE89-0947-7974-3184-3BF9FE97CCDE}.Release|Any CPU.Build.0 = Release|Any CPU
		{FD201883-0966-1A36-FB78-B63AE2F3C487}.Debug|Any CPU.ActiveCfg = Debug|Any CPU
		{FD201883-0966-1A36-FB78-B63AE2F3C487}.Debug|Any CPU.Build.0 = Debug|Any CPU
		{FD201883-0966-1A36-FB78-B63AE2F3C487}.Release|Any CPU.ActiveCfg = Release|Any CPU
		{FD201883-0966-1A36-FB78-B63AE2F3C487}.Release|Any CPU.Build.0 = Release|Any CPU
		{5AE1DFB2-731A-4408-63B5-526D2AC012B1}.Debug|Any CPU.ActiveCfg = Debug|Any CPU
		{5AE1DFB2-731A-4408-63B5-526D2AC012B1}.Debug|Any CPU.Build.0 = Debug|Any CPU
		{5AE1DFB2-731A-4408-63B5-526D2AC012B1}.Release|Any CPU.ActiveCfg = Release|Any CPU
		{5AE1DFB2-731A-4408-63B5-526D2AC012B1}.Release|Any CPU.Build.0 = Release|Any CPU
		{80C43E66-A47B-32F8-4D56-39B25BD52539}.Debug|Any CPU.ActiveCfg = Debug|Any CPU
		{80C43E66-A47B-32F8-4D56-39B25BD52539}.Debug|Any CPU.Build.0 = Debug|Any CPU
		{80C43E66-A47B-32F8-4D56-39B25BD52539}.Release|Any CPU.ActiveCfg = Release|Any CPU
		{80C43E66-A47B-32F8-4D56-39B25BD52539}.Release|Any CPU.Build.0 = Release|Any CPU
		{1ADFC4F0-3AA5-04D5-F23B-8D7E5EC561A6}.Debug|Any CPU.ActiveCfg = Debug|Any CPU
		{1ADFC4F0-3AA5-04D5-F23B-8D7E5EC561A6}.Debug|Any CPU.Build.0 = Debug|Any CPU
		{1ADFC4F0-3AA5-04D5-F23B-8D7E5EC561A6}.Release|Any CPU.ActiveCfg = Release|Any CPU
		{1ADFC4F0-3AA5-04D5-F23B-8D7E5EC561A6}.Release|Any CPU.Build.0 = Release|Any CPU
		{394538AE-53F5-FFA5-73D1-53C5218A222F}.Debug|Any CPU.ActiveCfg = Debug|Any CPU
		{394538AE-53F5-FFA5-73D1-53C5218A222F}.Debug|Any CPU.Build.0 = Debug|Any CPU
		{394538AE-53F5-FFA5-73D1-53C5218A222F}.Release|Any CPU.ActiveCfg = Release|Any CPU
		{394538AE-53F5-FFA5-73D1-53C5218A222F}.Release|Any CPU.Build.0 = Release|Any CPU
		{410BAA23-7E86-344A-1FE1-BCF3F386C4E6}.Debug|Any CPU.ActiveCfg = Debug|Any CPU
		{410BAA23-7E86-344A-1FE1-BCF3F386C4E6}.Debug|Any CPU.Build.0 = Debug|Any CPU
		{410BAA23-7E86-344A-1FE1-BCF3F386C4E6}.Release|Any CPU.ActiveCfg = Release|Any CPU
		{410BAA23-7E86-344A-1FE1-BCF3F386C4E6}.Release|Any CPU.Build.0 = Release|Any CPU
		{755EA4BD-DD40-2252-9312-95F2F001B63C}.Debug|Any CPU.ActiveCfg = Debug|Any CPU
		{755EA4BD-DD40-2252-9312-95F2F001B63C}.Debug|Any CPU.Build.0 = Debug|Any CPU
		{755EA4BD-DD40-2252-9312-95F2F001B63C}.Release|Any CPU.ActiveCfg = Release|Any CPU
		{755EA4BD-DD40-2252-9312-95F2F001B63C}.Release|Any CPU.Build.0 = Release|Any CPU
		{621322AE-B4F7-1896-E46D-9469AF895460}.Debug|Any CPU.ActiveCfg = Debug|Any CPU
		{621322AE-B4F7-1896-E46D-9469AF895460}.Debug|Any CPU.Build.0 = Debug|Any CPU
		{621322AE-B4F7-1896-E46D-9469AF895460}.Release|Any CPU.ActiveCfg = Release|Any CPU
		{621322AE-B4F7-1896-E46D-9469AF895460}.Release|Any CPU.Build.0 = Release|Any CPU
		{BC6589BC-C350-E7F3-DE19-58B2BCC57876}.Debug|Any CPU.ActiveCfg = Debug|Any CPU
		{BC6589BC-C350-E7F3-DE19-58B2BCC57876}.Debug|Any CPU.Build.0 = Debug|Any CPU
		{BC6589BC-C350-E7F3-DE19-58B2BCC57876}.Release|Any CPU.ActiveCfg = Release|Any CPU
		{BC6589BC-C350-E7F3-DE19-58B2BCC57876}.Release|Any CPU.Build.0 = Release|Any CPU
		{3A1BB7CC-3829-2D5B-2782-61311F47FE49}.Debug|Any CPU.ActiveCfg = Debug|Any CPU
		{3A1BB7CC-3829-2D5B-2782-61311F47FE49}.Debug|Any CPU.Build.0 = Debug|Any CPU
		{3A1BB7CC-3829-2D5B-2782-61311F47FE49}.Release|Any CPU.ActiveCfg = Release|Any CPU
		{3A1BB7CC-3829-2D5B-2782-61311F47FE49}.Release|Any CPU.Build.0 = Release|Any CPU
		{DF89585C-3889-04DE-4085-084CBCB17656}.Debug|Any CPU.ActiveCfg = Debug|Any CPU
		{DF89585C-3889-04DE-4085-084CBCB17656}.Debug|Any CPU.Build.0 = Debug|Any CPU
		{DF89585C-3889-04DE-4085-084CBCB17656}.Release|Any CPU.ActiveCfg = Release|Any CPU
		{DF89585C-3889-04DE-4085-084CBCB17656}.Release|Any CPU.Build.0 = Release|Any CPU
		{1D5FB54B-7052-6999-1D6D-F43CB63ADFB1}.Debug|Any CPU.ActiveCfg = Debug|Any CPU
		{1D5FB54B-7052-6999-1D6D-F43CB63ADFB1}.Debug|Any CPU.Build.0 = Debug|Any CPU
		{1D5FB54B-7052-6999-1D6D-F43CB63ADFB1}.Release|Any CPU.ActiveCfg = Release|Any CPU
		{1D5FB54B-7052-6999-1D6D-F43CB63ADFB1}.Release|Any CPU.Build.0 = Release|Any CPU
		{72A4CCA9-8173-7BB3-7548-8ABB51D757EC}.Debug|Any CPU.ActiveCfg = Debug|Any CPU
		{72A4CCA9-8173-7BB3-7548-8ABB51D757EC}.Debug|Any CPU.Build.0 = Debug|Any CPU
		{72A4CCA9-8173-7BB3-7548-8ABB51D757EC}.Release|Any CPU.ActiveCfg = Release|Any CPU
		{72A4CCA9-8173-7BB3-7548-8ABB51D757EC}.Release|Any CPU.Build.0 = Release|Any CPU
		{1E9ECE81-85F3-BE51-D9ED-C745092D8B38}.Debug|Any CPU.ActiveCfg = Debug|Any CPU
		{1E9ECE81-85F3-BE51-D9ED-C745092D8B38}.Debug|Any CPU.Build.0 = Debug|Any CPU
		{1E9ECE81-85F3-BE51-D9ED-C745092D8B38}.Release|Any CPU.ActiveCfg = Release|Any CPU
		{1E9ECE81-85F3-BE51-D9ED-C745092D8B38}.Release|Any CPU.Build.0 = Release|Any CPU
		{25A115E1-6311-CAF9-56BE-A4C3F5A753D2}.Debug|Any CPU.ActiveCfg = Debug|Any CPU
		{25A115E1-6311-CAF9-56BE-A4C3F5A753D2}.Debug|Any CPU.Build.0 = Debug|Any CPU
		{25A115E1-6311-CAF9-56BE-A4C3F5A753D2}.Release|Any CPU.ActiveCfg = Release|Any CPU
		{25A115E1-6311-CAF9-56BE-A4C3F5A753D2}.Release|Any CPU.Build.0 = Release|Any CPU
		{FEE615FC-A6CD-2EDC-E4DB-A29F1B16738D}.Debug|Any CPU.ActiveCfg = Debug|Any CPU
		{FEE615FC-A6CD-2EDC-E4DB-A29F1B16738D}.Debug|Any CPU.Build.0 = Debug|Any CPU
		{FEE615FC-A6CD-2EDC-E4DB-A29F1B16738D}.Release|Any CPU.ActiveCfg = Release|Any CPU
		{FEE615FC-A6CD-2EDC-E4DB-A29F1B16738D}.Release|Any CPU.Build.0 = Release|Any CPU
		{6111DAB0-5562-F81D-762B-C21417F61B1E}.Debug|Any CPU.ActiveCfg = Debug|Any CPU
		{6111DAB0-5562-F81D-762B-C21417F61B1E}.Debug|Any CPU.Build.0 = Debug|Any CPU
		{6111DAB0-5562-F81D-762B-C21417F61B1E}.Release|Any CPU.ActiveCfg = Release|Any CPU
		{6111DAB0-5562-F81D-762B-C21417F61B1E}.Release|Any CPU.Build.0 = Release|Any CPU
		{4C1D3341-467D-6D87-4208-CE911DB9840E}.Debug|Any CPU.ActiveCfg = Debug|Any CPU
		{4C1D3341-467D-6D87-4208-CE911DB9840E}.Debug|Any CPU.Build.0 = Debug|Any CPU
		{4C1D3341-467D-6D87-4208-CE911DB9840E}.Release|Any CPU.ActiveCfg = Release|Any CPU
		{4C1D3341-467D-6D87-4208-CE911DB9840E}.Release|Any CPU.Build.0 = Release|Any CPU
	EndGlobalSection
	GlobalSection(SolutionProperties) = preSolution
		HideSolutionNode = FALSE
	EndGlobalSection
EndGlobal
